
Microsoft Visual Studio Solution File, Format Version 12.00
# Visual Studio Version 17
VisualStudioVersion = 17.1.32228.430
MinimumVisualStudioVersion = 10.0.40219.1
Project("{9A19103F-16F7-4668-BE54-9A1E7A4F7556}") = "17328_Login_Sigup", "17328_Login_Sigup\17328_Login_Sigup.csproj", "{6F8EB281-5CE9-4326-9446-A9230EBE492B}"
EndProject
Project("{FAE04EC0-301F-11D3-BF4B-00C04F79EFBC}") = "17328_LAB123_QuanLyOto", "17328_LAB123_QuanLyOto\17328_LAB123_QuanLyOto.csproj", "{74CE7098-E5CD-4072-86DD-6380FC52A3DE}"
EndProject
Global
	GlobalSection(SolutionConfigurationPlatforms) = preSolution
		Debug|Any CPU = Debug|Any CPU
		Release|Any CPU = Release|Any CPU
	EndGlobalSection
	GlobalSection(ProjectConfigurationPlatforms) = postSolution
		{6F8EB281-5CE9-4326-9446-A9230EBE492B}.Debug|Any CPU.ActiveCfg = Debug|Any CPU
		{6F8EB281-5CE9-4326-9446-A9230EBE492B}.Debug|Any CPU.Build.0 = Debug|Any CPU
		{6F8EB281-5CE9-4326-9446-A9230EBE492B}.Release|Any CPU.ActiveCfg = Release|Any CPU
		{6F8EB281-5CE9-4326-9446-A9230EBE492B}.Release|Any CPU.Build.0 = Release|Any CPU
		{74CE7098-E5CD-4072-86DD-6380FC52A3DE}.Debug|Any CPU.ActiveCfg = Debug|Any CPU
		{74CE7098-E5CD-4072-86DD-6380FC52A3DE}.Debug|Any CPU.Build.0 = Debug|Any CPU
		{74CE7098-E5CD-4072-86DD-6380FC52A3DE}.Release|Any CPU.ActiveCfg = Release|Any CPU
		{74CE7098-E5CD-4072-86DD-6380FC52A3DE}.Release|Any CPU.Build.0 = Release|Any CPU
	EndGlobalSection
	GlobalSection(SolutionProperties) = preSolution
		HideSolutionNode = FALSE
	EndGlobalSection
	GlobalSection(ExtensibilityGlobals) = postSolution
		SolutionGuid = {D79820B1-07E0-4CAD-9494-40D3547E45B2}
	EndGlobalSection
EndGlobal
